{
    "version": 3,
    "terraform_version": "0.11.13",
    "serial": 2,
    "lineage": "50cc60fa-ab2f-9fd3-1d66-283f469d778b",
    "modules": [
        {
            "path": [
                "root"
            ],
            "outputs": {},
            "resources": {
                "google_storage_bucket.COLDLINE": {
                    "type": "google_storage_bucket",
                    "depends_on": [],
                    "primary": {
                        "id": "kryto",
                        "attributes": {
                            "cors.#": "0",
                            "encryption.#": "0",
                            "force_destroy": "false",
                            "id": "kryto",
                            "labels.%": "0",
                            "lifecycle_rule.#": "0",
                            "location": "ASIA-NORTHEAST1",
                            "logging.#": "0",
                            "name": "kryto",
                            "project": "winter-cab-234801",
                            "requester_pays": "false",
                            "self_link": "https://www.googleapis.com/storage/v1/b/kryto",
                            "storage_class": "COLDLINE",
                            "url": "gs://kryto",
                            "versioning.#": "0"
                        },
                        "meta": {},
                        "tainted": false
                    },
                    "deposed": [],
                    "provider": "provider.google"
                },
                "google_storage_bucket_object.text": {
                    "type": "google_storage_bucket_object",
                    "depends_on": [
                        "google_storage_bucket.COLDLINE"
                    ],
                    "primary": {
                        "id": "kryto-test-file.txt",
                        "attributes": {
                            "bucket": "kryto",
                            "cache_control": "",
                            "content": "hi people",
                            "content_disposition": "",
                            "content_encoding": "",
                            "content_language": "",
                            "content_type": "text/plain; charset=utf-8",
                            "crc32c": "ZD81Sg==",
                            "detect_md5hash": "p0T7n+DdC0q5GERxpK5d1A==",
                            "id": "kryto-test-file.txt",
                            "md5hash": "p0T7n+DdC0q5GERxpK5d1A==",
                            "name": "test-file.txt",
                            "output_name": "test-file.txt",
                            "self_link": "https://www.googleapis.com/storage/v1/b/kryto/o/test-file.txt",
                            "storage_class": "COLDLINE"
                        },
                        "meta": {},
                        "tainted": false
                    },
                    "deposed": [],
                    "provider": "provider.google"
                }
            },
            "depends_on": []
        }
    ]
}
